
Microsoft Visual Studio Solution File, Format Version 12.00
# Visual Studio Version 17
VisualStudioVersion = 17.7.34024.191
MinimumVisualStudioVersion = 10.0.40219.1
Project("{2150E333-8FDC-42A3-9474-1A3956D46DE8}") = "WPF", "WPF", "{902F1656-7865-4D1C-9840-F6CAF1061F0C}"
EndProject
Project("{9A19103F-16F7-4668-BE54-9A1E7A4F7556}") = "HelpersUI.WPF", "Src\HelpersUI.WPF\HelpersUI.WPF.csproj", "{997C237C-34D3-4382-8D7F-862EA6243E46}"
EndProject
Project("{2150E333-8FDC-42A3-9474-1A3956D46DE8}") = "Windows Forms", "Windows Forms", "{DD047FE3-4600-4257-BFF9-A180E7668475}"
EndProject
Project("{9A19103F-16F7-4668-BE54-9A1E7A4F7556}") = "HelpersUI", "Src\HelpersUI\HelpersUI.csproj", "{CF207F43-48BC-4684-8FDF-B8DB86202223}"
EndProject
Project("{FAE04EC0-301F-11D3-BF4B-00C04F79EFBC}") = "HelpersUI.WindowsForms", "Src\HelpersUI.WindowsForms\HelpersUI.WindowsForms\HelpersUI.WindowsForms.csproj", "{D4223565-DA60-47AC-9F9E-2352C7D545E5}"
EndProject
Global
	GlobalSection(SolutionConfigurationPlatforms) = preSolution
		Debug|Any CPU = Debug|Any CPU
		Release|Any CPU = Release|Any CPU
	EndGlobalSection
	GlobalSection(ProjectConfigurationPlatforms) = postSolution
		{997C237C-34D3-4382-8D7F-862EA6243E46}.Debug|Any CPU.ActiveCfg = Debug|Any CPU
		{997C237C-34D3-4382-8D7F-862EA6243E46}.Debug|Any CPU.Build.0 = Debug|Any CPU
		{997C237C-34D3-4382-8D7F-862EA6243E46}.Release|Any CPU.ActiveCfg = Release|Any CPU
		{997C237C-34D3-4382-8D7F-862EA6243E46}.Release|Any CPU.Build.0 = Release|Any CPU
		{CF207F43-48BC-4684-8FDF-B8DB86202223}.Debug|Any CPU.ActiveCfg = Debug|Any CPU
		{CF207F43-48BC-4684-8FDF-B8DB86202223}.Debug|Any CPU.Build.0 = Debug|Any CPU
		{CF207F43-48BC-4684-8FDF-B8DB86202223}.Release|Any CPU.ActiveCfg = Release|Any CPU
		{CF207F43-48BC-4684-8FDF-B8DB86202223}.Release|Any CPU.Build.0 = Release|Any CPU
		{D4223565-DA60-47AC-9F9E-2352C7D545E5}.Debug|Any CPU.ActiveCfg = Debug|Any CPU
		{D4223565-DA60-47AC-9F9E-2352C7D545E5}.Debug|Any CPU.Build.0 = Debug|Any CPU
		{D4223565-DA60-47AC-9F9E-2352C7D545E5}.Release|Any CPU.ActiveCfg = Release|Any CPU
		{D4223565-DA60-47AC-9F9E-2352C7D545E5}.Release|Any CPU.Build.0 = Release|Any CPU
	EndGlobalSection
	GlobalSection(SolutionProperties) = preSolution
		HideSolutionNode = FALSE
	EndGlobalSection
	GlobalSection(NestedProjects) = preSolution
		{997C237C-34D3-4382-8D7F-862EA6243E46} = {902F1656-7865-4D1C-9840-F6CAF1061F0C}
		{D4223565-DA60-47AC-9F9E-2352C7D545E5} = {DD047FE3-4600-4257-BFF9-A180E7668475}
	EndGlobalSection
	GlobalSection(ExtensibilityGlobals) = postSolution
		SolutionGuid = {7E5F43DA-486D-4A98-8B15-994D798D81A5}
	EndGlobalSection
EndGlobal
